
Microsoft Visual Studio Solution File, Format Version 12.00
# Visual Studio Version 16
VisualStudioVersion = 16.0.33027.164
MinimumVisualStudioVersion = 10.0.40219.1
Project("{2150E333-8FDC-42A3-9474-1A3956D46DE8}") = "Services", "Services", "{8D4639BD-8143-49C2-BB33-DF180CD86375}"
EndProject
Project("{2150E333-8FDC-42A3-9474-1A3956D46DE8}") = "Catalog", "Catalog", "{D678B7F0-D524-4D49-B11C-A4F9419764ED}"
EndProject
Project("{9A19103F-16F7-4668-BE54-9A1E7A4F7556}") = "Catalog.API", "Services\Catalog\Catalog.API\Catalog.API.csproj", "{85D30EA6-F408-4009-B905-697CF32C57CE}"
EndProject
Project("{E53339B2-1760-4266-BCC7-CA923CBCF16C}") = "docker-compose", "docker-compose.dcproj", "{C896508F-48D3-4D31-911C-05522C3FA52B}"
EndProject
Project("{2150E333-8FDC-42A3-9474-1A3956D46DE8}") = "Basket", "Basket", "{D5586048-CA7C-4315-9B0E-8D48C735F05E}"
EndProject
Project("{9A19103F-16F7-4668-BE54-9A1E7A4F7556}") = "Basket.API", "Services\Basket\Basket.API\Basket.API.csproj", "{977C19F2-D071-4C1A-9343-AB57DA23F03A}"
EndProject
Project("{2150E333-8FDC-42A3-9474-1A3956D46DE8}") = "Discount", "Discount", "{49A08084-F28A-49CB-AAEE-9CEB66FBF2C4}"
EndProject
Project("{9A19103F-16F7-4668-BE54-9A1E7A4F7556}") = "Discount.API", "Services\Discount\Discount.API\Discount.API.csproj", "{5D310857-8784-4AC5-A36D-FC262DD51A06}"
EndProject
Project("{9A19103F-16F7-4668-BE54-9A1E7A4F7556}") = "Discount.Grpc", "Services\Discount\Discount.Grpc\Discount.Grpc.csproj", "{C43365FE-110D-4E19-8488-BCED44DB2A67}"
EndProject
Project("{2150E333-8FDC-42A3-9474-1A3956D46DE8}") = "Ordering", "Ordering", "{FA64FBB4-42AD-4F80-B6DC-B2DB5C38BB25}"
EndProject
Project("{9A19103F-16F7-4668-BE54-9A1E7A4F7556}") = "Ordering.API", "Services\Ordering\Ordering.API\Ordering.API.csproj", "{8A2CEDCC-2C4E-4769-B8F1-5D7C276FE76F}"
EndProject
Project("{9A19103F-16F7-4668-BE54-9A1E7A4F7556}") = "Ordering.Domain", "Services\Ordering\Ordering.Domain\Ordering.Domain.csproj", "{23D5B6B8-6594-4510-B2E0-529407E9A8BD}"
EndProject
Project("{9A19103F-16F7-4668-BE54-9A1E7A4F7556}") = "Ordering.Application", "Services\Ordering\Ordering.Application\Ordering.Application.csproj", "{DFB0DC6D-CEC7-431C-9472-F2CDEC3EB0DA}"
EndProject
Project("{9A19103F-16F7-4668-BE54-9A1E7A4F7556}") = "Ordering.Infrastructure", "Services\Ordering\Ordering.Infrastructure\Ordering.Infrastructure.csproj", "{0F0E56B7-B728-4CA5-BCB3-791B30EB548B}"
EndProject
Project("{2150E333-8FDC-42A3-9474-1A3956D46DE8}") = "BuildingBlocks", "BuildingBlocks", "{36599550-2E23-483F-AC4B-DCBA3668FF8E}"
EndProject
Project("{9A19103F-16F7-4668-BE54-9A1E7A4F7556}") = "EventBus.Messages", "BuildingBlocks\EventBus.Messages\EventBus.Messages.csproj", "{D3B088D3-AF7D-4B93-AAD9-46CBB210F1D1}"
EndProject
Project("{2150E333-8FDC-42A3-9474-1A3956D46DE8}") = "ApiGateways", "ApiGateways", "{A6E8D727-52C3-4F61-A5A2-47D066E6AF56}"
EndProject
Project("{FAE04EC0-301F-11D3-BF4B-00C04F79EFBC}") = "OcelotApiGateway", "ApiGateways\OcelotApiGateway\OcelotApiGateway.csproj", "{F847FA12-A967-4CE0-96E2-FEE85D42A351}"
EndProject
Global
	GlobalSection(SolutionConfigurationPlatforms) = preSolution
		Debug|Any CPU = Debug|Any CPU
		Release|Any CPU = Release|Any CPU
	EndGlobalSection
	GlobalSection(ProjectConfigurationPlatforms) = postSolution
		{85D30EA6-F408-4009-B905-697CF32C57CE}.Debug|Any CPU.ActiveCfg = Debug|Any CPU
		{85D30EA6-F408-4009-B905-697CF32C57CE}.Debug|Any CPU.Build.0 = Debug|Any CPU
		{85D30EA6-F408-4009-B905-697CF32C57CE}.Release|Any CPU.ActiveCfg = Release|Any CPU
		{85D30EA6-F408-4009-B905-697CF32C57CE}.Release|Any CPU.Build.0 = Release|Any CPU
		{C896508F-48D3-4D31-911C-05522C3FA52B}.Debug|Any CPU.ActiveCfg = Debug|Any CPU
		{C896508F-48D3-4D31-911C-05522C3FA52B}.Debug|Any CPU.Build.0 = Debug|Any CPU
		{C896508F-48D3-4D31-911C-05522C3FA52B}.Release|Any CPU.ActiveCfg = Release|Any CPU
		{C896508F-48D3-4D31-911C-05522C3FA52B}.Release|Any CPU.Build.0 = Release|Any CPU
		{977C19F2-D071-4C1A-9343-AB57DA23F03A}.Debug|Any CPU.ActiveCfg = Debug|Any CPU
		{977C19F2-D071-4C1A-9343-AB57DA23F03A}.Debug|Any CPU.Build.0 = Debug|Any CPU
		{977C19F2-D071-4C1A-9343-AB57DA23F03A}.Release|Any CPU.ActiveCfg = Release|Any CPU
		{977C19F2-D071-4C1A-9343-AB57DA23F03A}.Release|Any CPU.Build.0 = Release|Any CPU
		{5D310857-8784-4AC5-A36D-FC262DD51A06}.Debug|Any CPU.ActiveCfg = Debug|Any CPU
		{5D310857-8784-4AC5-A36D-FC262DD51A06}.Debug|Any CPU.Build.0 = Debug|Any CPU
		{5D310857-8784-4AC5-A36D-FC262DD51A06}.Release|Any CPU.ActiveCfg = Release|Any CPU
		{5D310857-8784-4AC5-A36D-FC262DD51A06}.Release|Any CPU.Build.0 = Release|Any CPU
		{C43365FE-110D-4E19-8488-BCED44DB2A67}.Debug|Any CPU.ActiveCfg = Debug|Any CPU
		{C43365FE-110D-4E19-8488-BCED44DB2A67}.Debug|Any CPU.Build.0 = Debug|Any CPU
		{C43365FE-110D-4E19-8488-BCED44DB2A67}.Release|Any CPU.ActiveCfg = Release|Any CPU
		{C43365FE-110D-4E19-8488-BCED44DB2A67}.Release|Any CPU.Build.0 = Release|Any CPU
		{8A2CEDCC-2C4E-4769-B8F1-5D7C276FE76F}.Debug|Any CPU.ActiveCfg = Debug|Any CPU
		{8A2CEDCC-2C4E-4769-B8F1-5D7C276FE76F}.Debug|Any CPU.Build.0 = Debug|Any CPU
		{8A2CEDCC-2C4E-4769-B8F1-5D7C276FE76F}.Release|Any CPU.ActiveCfg = Release|Any CPU
		{8A2CEDCC-2C4E-4769-B8F1-5D7C276FE76F}.Release|Any CPU.Build.0 = Release|Any CPU
		{23D5B6B8-6594-4510-B2E0-529407E9A8BD}.Debug|Any CPU.ActiveCfg = Debug|Any CPU
		{23D5B6B8-6594-4510-B2E0-529407E9A8BD}.Debug|Any CPU.Build.0 = Debug|Any CPU
		{23D5B6B8-6594-4510-B2E0-529407E9A8BD}.Release|Any CPU.ActiveCfg = Release|Any CPU
		{23D5B6B8-6594-4510-B2E0-529407E9A8BD}.Release|Any CPU.Build.0 = Release|Any CPU
		{DFB0DC6D-CEC7-431C-9472-F2CDEC3EB0DA}.Debug|Any CPU.ActiveCfg = Debug|Any CPU
		{DFB0DC6D-CEC7-431C-9472-F2CDEC3EB0DA}.Debug|Any CPU.Build.0 = Debug|Any CPU
		{DFB0DC6D-CEC7-431C-9472-F2CDEC3EB0DA}.Release|Any CPU.ActiveCfg = Release|Any CPU
		{DFB0DC6D-CEC7-431C-9472-F2CDEC3EB0DA}.Release|Any CPU.Build.0 = Release|Any CPU
		{0F0E56B7-B728-4CA5-BCB3-791B30EB548B}.Debug|Any CPU.ActiveCfg = Debug|Any CPU
		{0F0E56B7-B728-4CA5-BCB3-791B30EB548B}.Debug|Any CPU.Build.0 = Debug|Any CPU
		{0F0E56B7-B728-4CA5-BCB3-791B30EB548B}.Release|Any CPU.ActiveCfg = Release|Any CPU
		{0F0E56B7-B728-4CA5-BCB3-791B30EB548B}.Release|Any CPU.Build.0 = Release|Any CPU
		{D3B088D3-AF7D-4B93-AAD9-46CBB210F1D1}.Debug|Any CPU.ActiveCfg = Debug|Any CPU
		{D3B088D3-AF7D-4B93-AAD9-46CBB210F1D1}.Debug|Any CPU.Build.0 = Debug|Any CPU
		{D3B088D3-AF7D-4B93-AAD9-46CBB210F1D1}.Release|Any CPU.ActiveCfg = Release|Any CPU
		{D3B088D3-AF7D-4B93-AAD9-46CBB210F1D1}.Release|Any CPU.Build.0 = Release|Any CPU
		{F847FA12-A967-4CE0-96E2-FEE85D42A351}.Debug|Any CPU.ActiveCfg = Debug|Any CPU
		{F847FA12-A967-4CE0-96E2-FEE85D42A351}.Debug|Any CPU.Build.0 = Debug|Any CPU
		{F847FA12-A967-4CE0-96E2-FEE85D42A351}.Release|Any CPU.ActiveCfg = Release|Any CPU
		{F847FA12-A967-4CE0-96E2-FEE85D42A351}.Release|Any CPU.Build.0 = Release|Any CPU
	EndGlobalSection
	GlobalSection(SolutionProperties) = preSolution
		HideSolutionNode = FALSE
	EndGlobalSection
	GlobalSection(NestedProjects) = preSolution
		{D678B7F0-D524-4D49-B11C-A4F9419764ED} = {8D4639BD-8143-49C2-BB33-DF180CD86375}
		{85D30EA6-F408-4009-B905-697CF32C57CE} = {D678B7F0-D524-4D49-B11C-A4F9419764ED}
		{D5586048-CA7C-4315-9B0E-8D48C735F05E} = {8D4639BD-8143-49C2-BB33-DF180CD86375}
		{977C19F2-D071-4C1A-9343-AB57DA23F03A} = {D5586048-CA7C-4315-9B0E-8D48C735F05E}
		{49A08084-F28A-49CB-AAEE-9CEB66FBF2C4} = {8D4639BD-8143-49C2-BB33-DF180CD86375}
		{5D310857-8784-4AC5-A36D-FC262DD51A06} = {49A08084-F28A-49CB-AAEE-9CEB66FBF2C4}
		{C43365FE-110D-4E19-8488-BCED44DB2A67} = {49A08084-F28A-49CB-AAEE-9CEB66FBF2C4}
		{FA64FBB4-42AD-4F80-B6DC-B2DB5C38BB25} = {8D4639BD-8143-49C2-BB33-DF180CD86375}
		{8A2CEDCC-2C4E-4769-B8F1-5D7C276FE76F} = {FA64FBB4-42AD-4F80-B6DC-B2DB5C38BB25}
		{23D5B6B8-6594-4510-B2E0-529407E9A8BD} = {FA64FBB4-42AD-4F80-B6DC-B2DB5C38BB25}
		{DFB0DC6D-CEC7-431C-9472-F2CDEC3EB0DA} = {FA64FBB4-42AD-4F80-B6DC-B2DB5C38BB25}
		{0F0E56B7-B728-4CA5-BCB3-791B30EB548B} = {FA64FBB4-42AD-4F80-B6DC-B2DB5C38BB25}
		{D3B088D3-AF7D-4B93-AAD9-46CBB210F1D1} = {36599550-2E23-483F-AC4B-DCBA3668FF8E}
		{F847FA12-A967-4CE0-96E2-FEE85D42A351} = {A6E8D727-52C3-4F61-A5A2-47D066E6AF56}
	EndGlobalSection
	GlobalSection(ExtensibilityGlobals) = postSolution
		SolutionGuid = {286A8471-64CC-4D25-BB4D-9914A5B53DE9}
	EndGlobalSection
EndGlobal
